
Microsoft Visual Studio Solution File, Format Version 12.00
# Visual Studio Version 18
VisualStudioVersion = 18.5.11801.241 oobstable
MinimumVisualStudioVersion = 10.0.40219.1
Project("{9A19103F-16F7-4668-BE54-9A1E7A4F7556}") = "SkyNeg.Sqlite.RuntimeMigration", "SkyNeg.Sqlite.RuntimeMigration\SkyNeg.Sqlite.RuntimeMigration.csproj", "{ACE13FE1-8A37-4A16-B0FA-90E54E5C2C92}"
EndProject
Project("{2150E333-8FDC-42A3-9474-1A3956D46DE8}") = ".github", ".github", "{50392D94-9C77-4833-8473-2A4D57BB71B5}"
	ProjectSection(SolutionItems) = preProject
		..\.github\workflows\pacakge.yml = ..\.github\workflows\pacakge.yml
	EndProjectSection
EndProject
Global
	GlobalSection(SolutionConfigurationPlatforms) = preSolution
		Debug|Any CPU = Debug|Any CPU
		Release|Any CPU = Release|Any CPU
	EndGlobalSection
	GlobalSection(ProjectConfigurationPlatforms) = postSolution
		{ACE13FE1-8A37-4A16-B0FA-90E54E5C2C92}.Debug|Any CPU.ActiveCfg = Debug|Any CPU
		{ACE13FE1-8A37-4A16-B0FA-90E54E5C2C92}.Debug|Any CPU.Build.0 = Debug|Any CPU
		{ACE13FE1-8A37-4A16-B0FA-90E54E5C2C92}.Release|Any CPU.ActiveCfg = Release|Any CPU
		{ACE13FE1-8A37-4A16-B0FA-90E54E5C2C92}.Release|Any CPU.Build.0 = Release|Any CPU
	EndGlobalSection
	GlobalSection(SolutionProperties) = preSolution
		HideSolutionNode = FALSE
	EndGlobalSection
	GlobalSection(ExtensibilityGlobals) = postSolution
		SolutionGuid = {7B46B68E-B67E-4C45-B0BD-9A2C70641045}
	EndGlobalSection
EndGlobal
